
Microsoft Visual Studio Solution File, Format Version 12.00
# Visual Studio Version 17
VisualStudioVersion = 17.4.33122.133
MinimumVisualStudioVersion = 10.0.40219.1
Project("{2150E333-8FDC-42A3-9474-1A3956D46DE8}") = "Catalog", "Catalog", "{A4107786-6B06-4719-BCBE-11BE8245CDE7}"
EndProject
Project("{FAE04EC0-301F-11D3-BF4B-00C04F79EFBC}") = "Catalog.Host", "Catalog\Catalog.Host\Catalog.Host.csproj", "{4997FA16-43F0-4A86-A630-442C23BF3BB8}"
EndProject
Global
	GlobalSection(SolutionConfigurationPlatforms) = preSolution
		Debug|Any CPU = Debug|Any CPU
		Release|Any CPU = Release|Any CPU
	EndGlobalSection
	GlobalSection(ProjectConfigurationPlatforms) = postSolution
		{4997FA16-43F0-4A86-A630-442C23BF3BB8}.Debug|Any CPU.ActiveCfg = Debug|Any CPU
		{4997FA16-43F0-4A86-A630-442C23BF3BB8}.Debug|Any CPU.Build.0 = Debug|Any CPU
		{4997FA16-43F0-4A86-A630-442C23BF3BB8}.Release|Any CPU.ActiveCfg = Release|Any CPU
		{4997FA16-43F0-4A86-A630-442C23BF3BB8}.Release|Any CPU.Build.0 = Release|Any CPU
	EndGlobalSection
	GlobalSection(SolutionProperties) = preSolution
		HideSolutionNode = FALSE
	EndGlobalSection
	GlobalSection(NestedProjects) = preSolution
		{4997FA16-43F0-4A86-A630-442C23BF3BB8} = {A4107786-6B06-4719-BCBE-11BE8245CDE7}
	EndGlobalSection
	GlobalSection(ExtensibilityGlobals) = postSolution
		SolutionGuid = {2373B03B-D452-49C7-B9DC-601CFA90A53C}
	EndGlobalSection
EndGlobal
